
Microsoft Visual Studio Solution File, Format Version 12.00
# Visual Studio Version 16
VisualStudioVersion = 16.0.30204.135
MinimumVisualStudioVersion = 10.0.40219.1
Project("{FAE04EC0-301F-11D3-BF4B-00C04F79EFBC}") = "SimpleCalculator", "SimpleCalculator.csproj", "{4CEB1D5A-72B2-463A-A3D8-98E1D9DF4AFF}"
EndProject
Global
	GlobalSection(SolutionConfigurationPlatforms) = preSolution
		Debug|Any CPU = Debug|Any CPU
		Release|Any CPU = Release|Any CPU
	EndGlobalSection
	GlobalSection(ProjectConfigurationPlatforms) = postSolution
		{4CEB1D5A-72B2-463A-A3D8-98E1D9DF4AFF}.Debug|Any CPU.ActiveCfg = Debug|Any CPU
		{4CEB1D5A-72B2-463A-A3D8-98E1D9DF4AFF}.Debug|Any CPU.Build.0 = Debug|Any CPU
		{4CEB1D5A-72B2-463A-A3D8-98E1D9DF4AFF}.Release|Any CPU.ActiveCfg = Release|Any CPU
		{4CEB1D5A-72B2-463A-A3D8-98E1D9DF4AFF}.Release|Any CPU.Build.0 = Release|Any CPU
	EndGlobalSection
	GlobalSection(SolutionProperties) = preSolution
		HideSolutionNode = FALSE
	EndGlobalSection
	GlobalSection(ExtensibilityGlobals) = postSolution
		SolutionGuid = {0741C23A-1CF8-4816-982A-87C2D744EF39}
	EndGlobalSection
EndGlobal
